{
    "name": "vk-unicloud-admin",
    "version": "1.8.3",
    "lockfileVersion": 1,
    "requires": true,
    "dependencies": {
        "async-validator": {
            "version": "1.8.5",
            "resolved": "https://registry.npmmirror.com/async-validator/download/async-validator-1.8.5.tgz",
            "integrity": "sha1-3D4I7B/Q3dtn5ghC8CwM0c7G1/A=",
            "requires": {
                "babel-runtime": "6.x"
            }
        },
        "babel-helper-vue-jsx-merge-props": {
            "version": "2.0.3",
            "resolved": "https://registry.npm.taobao.org/babel-helper-vue-jsx-merge-props/download/babel-helper-vue-jsx-merge-props-2.0.3.tgz",
            "integrity": "sha1-Iq69OzOQIyjlEyk6jkmSs4T58bY="
        },
        "babel-runtime": {
            "version": "6.26.0",
            "resolved": "https://registry.npm.taobao.org/babel-runtime/download/babel-runtime-6.26.0.tgz",
            "integrity": "sha1-llxwWGaOgrVde/4E/yM3vItWR/4=",
            "requires": {
                "core-js": "^2.4.0",
                "regenerator-runtime": "^0.11.0"
            }
        },
        "core-js": {
            "version": "2.6.12",
            "resolved": "https://registry.npmmirror.com/core-js/download/core-js-2.6.12.tgz",
            "integrity": "sha1-2TM9+nsGXjR8xWgiGdb2kIWcwuw="
        },
        "deepmerge": {
            "version": "1.5.2",
            "resolved": "https://registry.nlark.com/deepmerge/download/deepmerge-1.5.2.tgz",
            "integrity": "sha1-EEmdhohEza1P7ghC34x/bwyVp1M="
        },
        "element-ui": {
            "version": "2.15.7",
            "resolved": "https://registry.npmmirror.com/element-ui/download/element-ui-2.15.7.tgz",
            "integrity": "sha512-+J6rnXajxzLwV6w8Q6bf7Yqzk1FO1ewbIrCy/4B5alnd7tj8WEpfQoAvISirVaUGVGy77d9Ji3o2bF4f0AsJLQ==",
            "requires": {
                "async-validator": "~1.8.1",
                "babel-helper-vue-jsx-merge-props": "^2.0.0",
                "deepmerge": "^1.2.0",
                "normalize-wheel": "^1.0.1",
                "resize-observer-polyfill": "^1.5.0",
                "throttle-debounce": "^1.0.1"
            }
        },
        "normalize-wheel": {
            "version": "1.0.1",
            "resolved": "https://registry.nlark.com/normalize-wheel/download/normalize-wheel-1.0.1.tgz",
            "integrity": "sha1-rsiGr/2wRQcNhWRH32Ls+GFG7EU="
        },
        "regenerator-runtime": {
            "version": "0.11.1",
            "resolved": "https://registry.nlark.com/regenerator-runtime/download/regenerator-runtime-0.11.1.tgz?cache=0&sync_timestamp=1626993001371&other_urls=https%3A%2F%2Fregistry.nlark.com%2Fregenerator-runtime%2Fdownload%2Fregenerator-runtime-0.11.1.tgz",
            "integrity": "sha1-vgWtf5v30i4Fb5cmzuUBf78Z4uk="
        },
        "resize-observer-polyfill": {
            "version": "1.5.1",
            "resolved": "https://registry.npm.taobao.org/resize-observer-polyfill/download/resize-observer-polyfill-1.5.1.tgz",
            "integrity": "sha1-DpAg3T0hAkRY1OvSfiPkAmmBBGQ="
        },
        "sortablejs": {
            "version": "1.10.2",
            "resolved": "https://registry.nlark.com/sortablejs/download/sortablejs-1.10.2.tgz",
            "integrity": "sha1-bkA2TZE/mLhaFPZnj5K1wSIfUpA="
        },
        "throttle-debounce": {
            "version": "1.1.0",
            "resolved": "https://registry.npm.taobao.org/throttle-debounce/download/throttle-debounce-1.1.0.tgz",
            "integrity": "sha1-UYU9o3vmihVctugns1FKPEIuic0="
        },
        "umy-table": {
            "version": "1.1.8",
            "resolved": "https://registry.nlark.com/umy-table/download/umy-table-1.1.8.tgz",
            "integrity": "sha1-0detQz0Ocna+iN3bShhuqYwmotY=",
            "requires": {
                "async-validator": "~1.8.1",
                "deepmerge": "^1.2.0",
                "normalize-wheel": "^1.0.1",
                "resize-observer-polyfill": "^1.5.0",
                "throttle-debounce": "^1.0.1",
                "vuedraggable": "^2.23.2",
                "xe-utils": "^3.0.0-beta.12"
            }
        },
        "umy-ui": {
            "version": "1.1.6",
            "resolved": "https://registry.nlark.com/umy-ui/download/umy-ui-1.1.6.tgz",
            "integrity": "sha1-2Sublc+DhI6EARaTbP5hZ88s7JE=",
            "requires": {
                "async-validator": "~1.8.1",
                "deepmerge": "^1.2.0",
                "normalize-wheel": "^1.0.1",
                "resize-observer-polyfill": "^1.5.0",
                "throttle-debounce": "^1.0.1",
                "umy-table": "1.1.8",
                "vuedraggable": "^2.23.2",
                "xe-utils": "^3.0.0-beta.12"
            }
        },
        "vk-unicloud-admin-ui": {
            "version": "1.8.5",
            "resolved": "https://registry.npmmirror.com/vk-unicloud-admin-ui/download/vk-unicloud-admin-ui-1.8.5.tgz",
            "integrity": "sha512-85WDlKaW+KvLoMr5C9JV3Q7I/71p4fIeoP5a3OoiypU+OEJPiX4M92b7ZhwcYdRrxlDZNwqlZ70MvQJBgoGn+Q=="
        },
        "vuedraggable": {
            "version": "2.24.3",
            "resolved": "https://registry.nlark.com/vuedraggable/download/vuedraggable-2.24.3.tgz",
            "integrity": "sha1-Q8k4SbdGokzlA+Ej1bJZxwG6DRk=",
            "requires": {
                "sortablejs": "1.10.2"
            }
        },
        "xe-utils": {
            "version": "3.4.3",
            "resolved": "https://registry.npmmirror.com/xe-utils/download/xe-utils-3.4.3.tgz",
            "integrity": "sha512-x7tGog6B4EgOSKV5PGTG4I3r1s+do3ZPAQliV6HWcBC5hCDPr27jiphuRUNVhGXNjG1vZ/Rj/DTnvUw9stTHUQ=="
        }
    }
}
