{
	"name": "router",
	"version": "1.0.0",
	"lockfileVersion": 1,
	"requires": true,
	"dependencies": {
		"nodemailer": {
			"version": "6.7.2",
			"resolved": "https://registry.npmmirror.com/nodemailer/download/nodemailer-6.7.2.tgz",
			"integrity": "sha512-Dz7zVwlef4k5R71fdmxwR8Q39fiboGbu3xgswkzGwczUfjp873rVxt1O46+Fh0j1ORnAC6L9+heI8uUpO6DT7Q=="
		},
		"uni-config-center": {
			"version": "file:../../../uni_modules/uni-config-center/uniCloud/cloudfunctions/common/uni-config-center"
		},
		"uni-id": {
			"version": "file:../../../uni_modules/uni-id/uniCloud/cloudfunctions/common/uni-id",
			"requires": {
				"uni-config-center": "file:../../../uni_modules/uni-config-center/uniCloud/cloudfunctions/common/uni-config-center"
			},
			"dependencies": {
				"uni-config-center": {
					"version": "file:../../../uni_modules/uni-config-center/uniCloud/cloudfunctions/common/uni-config-center"
				}
			}
		},
		"uni-pay": {
			"version": "file:../../../uni_modules/uni-pay/uniCloud/cloudfunctions/common/uni-pay"
		},
		"vk-unicloud": {
			"version": "file:../../../uni_modules/vk-unicloud/uniCloud/cloudfunctions/common/vk-unicloud"
		}
	}
}
